
Microsoft Visual Studio Solution File, Format Version 12.00
# Visual Studio 15
Project("{FAE04EC0-301F-11D3-BF4B-00C04F79EFBC}") = "onetimepadgtk", "onetimepadgtk.csproj", "{05902770-7FFA-4A54-86D8-B1E5CE2E7ADB}"
EndProject
Global
	GlobalSection(SolutionConfigurationPlatforms) = preSolution
		Debug|Any CPU = Debug|Any CPU
		Release|Any CPU = Release|Any CPU
	EndGlobalSection
	GlobalSection(ProjectConfigurationPlatforms) = postSolution
		{05902770-7FFA-4A54-86D8-B1E5CE2E7ADB}.Debug|Any CPU.ActiveCfg = Debug|Any CPU
		{05902770-7FFA-4A54-86D8-B1E5CE2E7ADB}.Debug|Any CPU.Build.0 = Debug|Any CPU
		{05902770-7FFA-4A54-86D8-B1E5CE2E7ADB}.Release|Any CPU.ActiveCfg = Release|Any CPU
		{05902770-7FFA-4A54-86D8-B1E5CE2E7ADB}.Release|Any CPU.Build.0 = Release|Any CPU
	EndGlobalSection
EndGlobal
