
Microsoft Visual Studio Solution File, Format Version 12.00
# Visual Studio 15
Project("{FAE04EC0-301F-11D3-BF4B-00C04F79EFBC}") = "otlib", "otlib.csproj", "{B42E7426-6A2A-4148-8203-EA1A4794758A}"
EndProject
Global
	GlobalSection(SolutionConfigurationPlatforms) = preSolution
		Debug|Any CPU = Debug|Any CPU
		Release|Any CPU = Release|Any CPU
	EndGlobalSection
	GlobalSection(ProjectConfigurationPlatforms) = postSolution
		{B42E7426-6A2A-4148-8203-EA1A4794758A}.Debug|Any CPU.ActiveCfg = Debug|Any CPU
		{B42E7426-6A2A-4148-8203-EA1A4794758A}.Debug|Any CPU.Build.0 = Debug|Any CPU
		{B42E7426-6A2A-4148-8203-EA1A4794758A}.Release|Any CPU.ActiveCfg = Release|Any CPU
		{B42E7426-6A2A-4148-8203-EA1A4794758A}.Release|Any CPU.Build.0 = Release|Any CPU
	EndGlobalSection
EndGlobal
